# THIS IS AN AUTOGENERATED FILE. DO NOT EDIT THIS FILE DIRECTLY.
# yarn lockfile v1


"@stardust-configs/prettier-config@^0.1.1":
  version "0.1.1"
  resolved "https://registry.yarnpkg.com/@stardust-configs/prettier-config/-/prettier-config-0.1.1.tgz#b79ee6bcd84c926501cd0f4e3b0f02f2bfb57415"
  integrity sha512-KVNeDikcETcc9IuK69kk66O01I/8TdtzY6T4RTcjoqPJtD1NLe/cQkWTTAY6vqXZ8blOwexkOLFv11pXrZTjRA==

prettier@^2.2.1:
  version "2.2.1"
  resolved "https://registry.yarnpkg.com/prettier/-/prettier-2.2.1.tgz#795a1a78dd52f073da0cd42b21f9c91381923ff5"
  integrity sha512-PqyhM2yCjg/oKkFPtTGUojv7gnZAoG80ttl45O6x2Ug/rMJw4wcc9k6aaf2hibP7BGVCCM33gZoGjyvt9mm16Q==
