# THIS IS AN AUTOGENERATED FILE. DO NOT EDIT THIS FILE DIRECTLY.
# yarn lockfile v1


"@stardust-configs/prettier-config@0.1.1":
  version "0.1.1"
  resolved "https://registry.yarnpkg.com/@stardust-configs/prettier-config/-/prettier-config-0.1.1.tgz#b79ee6bcd84c926501cd0f4e3b0f02f2bfb57415"
  integrity sha512-KVNeDikcETcc9IuK69kk66O01I/8TdtzY6T4RTcjoqPJtD1NLe/cQkWTTAY6vqXZ8blOwexkOLFv11pXrZTjRA==

"@stardust-configs/tsconfig@0.2.0":
  version "0.2.0"
  resolved "https://registry.yarnpkg.com/@stardust-configs/tsconfig/-/tsconfig-0.2.0.tgz#0c52c1c2cb81f3d07f9773e43fba63b94c36d809"
  integrity sha512-tLca2RnuVxvwD9wqlAL81QcNR4uZdkkG5zmDJUN3e7kaIoUUx7lx6KT2D0Cp8y1dFXfhQnDroF5ykCGv9pnxYw==

"@types/encoding-japanese@1.0.18":
  version "1.0.18"
  resolved "https://registry.yarnpkg.com/@types/encoding-japanese/-/encoding-japanese-1.0.18.tgz#2e86cb46bbc88d7a42878e7a86af44aaf97754ca"
  integrity sha512-tjfjChRDhI2gpbOhccj4O9txN7nLnZEWyFA3fPGO0VchGeH6FeogwNfXvEyuHM+SlKEc7Q+/kt1/4nRNgP8SeQ==

"@types/node@16.11.6":
  version "16.11.6"
  resolved "https://registry.yarnpkg.com/@types/node/-/node-16.11.6.tgz#6bef7a2a0ad684cf6e90fcfe31cecabd9ce0a3ae"
  integrity sha512-ua7PgUoeQFjmWPcoo9khiPum3Pd60k4/2ZGXt18sm2Slk0W0xZTqt5Y0Ny1NyBiN1EVQ/+FaF9NcY4Qe6rwk5w==

encoding-japanese@1.0.30:
  version "1.0.30"
  resolved "https://registry.yarnpkg.com/encoding-japanese/-/encoding-japanese-1.0.30.tgz#537c4d62881767925d601acb4c79fb14db81703a"
  integrity sha512-bd/DFLAoJetvv7ar/KIpE3CNO8wEuyrt9Xuw6nSMiZ+Vrz/Q21BPsMHvARL2Wz6IKHKXgb+DWZqtRg1vql9cBg==

prettier@2.4.1:
  version "2.4.1"
  resolved "https://registry.yarnpkg.com/prettier/-/prettier-2.4.1.tgz#671e11c89c14a4cfc876ce564106c4a6726c9f5c"
  integrity sha512-9fbDAXSBcc6Bs1mZrDYb3XKzDLm4EXXL9sC1LqKP5rZkT6KRr/rf9amVUcODVXgguK/isJz0d0hP72WeaKWsvA==

typescript@4.4.4:
  version "4.4.4"
  resolved "https://registry.yarnpkg.com/typescript/-/typescript-4.4.4.tgz#2cd01a1a1f160704d3101fd5a58ff0f9fcb8030c"
  integrity sha512-DqGhF5IKoBl8WNf8C1gu8q0xZSInh9j1kJJMqT3a94w1JzVaBU4EXOSMrz9yDqMT0xt3selp83fuFMQ0uzv6qA==

unix-crypt-td-js@1.1.4:
  version "1.1.4"
  resolved "https://registry.yarnpkg.com/unix-crypt-td-js/-/unix-crypt-td-js-1.1.4.tgz#4912dfad1c8aeb7d20fa0a39e4c31918c1d5d5dd"
  integrity sha512-8rMeVYWSIyccIJscb9NdCfZKSRBKYTeVnwmiRYT2ulE3qd1RaDQ0xQDP+rI3ccIWbhu/zuo5cgN8z73belNZgw==
